
Microsoft Visual Studio Solution File, Format Version 12.00
Project("{FAE04EC0-301F-11D3-BF4B-00C04F79EFBC}") = "DafnyTests", "DafnyTests\DafnyTests.csproj", "{45AE3DDD-D0EA-4A27-943B-AC66A581BE03}"
EndProject
Global
	GlobalSection(SolutionConfigurationPlatforms) = preSolution
		Debug|Any CPU = Debug|Any CPU
		Release|Any CPU = Release|Any CPU
	EndGlobalSection
	GlobalSection(ProjectConfigurationPlatforms) = postSolution
		{45AE3DDD-D0EA-4A27-943B-AC66A581BE03}.Debug|Any CPU.ActiveCfg = Debug|Any CPU
		{45AE3DDD-D0EA-4A27-943B-AC66A581BE03}.Debug|Any CPU.Build.0 = Debug|Any CPU
		{45AE3DDD-D0EA-4A27-943B-AC66A581BE03}.Release|Any CPU.ActiveCfg = Release|Any CPU
		{45AE3DDD-D0EA-4A27-943B-AC66A581BE03}.Release|Any CPU.Build.0 = Release|Any CPU
	EndGlobalSection
EndGlobal
