
Microsoft Visual Studio Solution File, Format Version 11.00
# Visual Studio 2010
Project("{F2A71F9B-5D33-465A-A702-920D77279786}") = "Jennisys", "Jennisys.fsproj", "{F2FF4B3A-2FE8-474A-88DF-6950F7D78908}"
EndProject
Global
	GlobalSection(SolutionConfigurationPlatforms) = preSolution
		Debug|x86 = Debug|x86
		Release|x86 = Release|x86
	EndGlobalSection
	GlobalSection(ProjectConfigurationPlatforms) = postSolution
		{F2FF4B3A-2FE8-474A-88DF-6950F7D78908}.Debug|x86.ActiveCfg = Debug|x86
		{F2FF4B3A-2FE8-474A-88DF-6950F7D78908}.Debug|x86.Build.0 = Debug|x86
		{F2FF4B3A-2FE8-474A-88DF-6950F7D78908}.Release|x86.ActiveCfg = Release|x86
		{F2FF4B3A-2FE8-474A-88DF-6950F7D78908}.Release|x86.Build.0 = Release|x86
	EndGlobalSection
	GlobalSection(SolutionProperties) = preSolution
		HideSolutionNode = FALSE
	EndGlobalSection
EndGlobal
