
Microsoft Visual Studio Solution File, Format Version 12.00
# Visual Studio 15
VisualStudioVersion = 15.0.27004.2006
MinimumVisualStudioVersion = 10.0.40219.1
Project("{FAE04EC0-301F-11D3-BF4B-00C04F79EFBC}") = "DafnyExtension", "DafnyExtension\DafnyExtension.csproj", "{6E9A5E14-0763-471C-A129-80A879D9E7BA}"
EndProject
Project("{FAE04EC0-301F-11D3-BF4B-00C04F79EFBC}") = "DafnyMenu", "DafnyMenu\DafnyMenu.csproj", "{CA0848D3-3E4F-410E-8AC6-D6125A2B8E30}"
EndProject
Global
	GlobalSection(SolutionConfigurationPlatforms) = preSolution
		Debug|Any CPU = Debug|Any CPU
		Release|Any CPU = Release|Any CPU
	EndGlobalSection
	GlobalSection(ProjectConfigurationPlatforms) = postSolution
		{6E9A5E14-0763-471C-A129-80A879D9E7BA}.Debug|Any CPU.ActiveCfg = Debug|Any CPU
		{6E9A5E14-0763-471C-A129-80A879D9E7BA}.Debug|Any CPU.Build.0 = Debug|Any CPU
		{6E9A5E14-0763-471C-A129-80A879D9E7BA}.Release|Any CPU.ActiveCfg = Release|Any CPU
		{6E9A5E14-0763-471C-A129-80A879D9E7BA}.Release|Any CPU.Build.0 = Release|Any CPU
		{CA0848D3-3E4F-410E-8AC6-D6125A2B8E30}.Debug|Any CPU.ActiveCfg = Debug|Any CPU
		{CA0848D3-3E4F-410E-8AC6-D6125A2B8E30}.Debug|Any CPU.Build.0 = Debug|Any CPU
		{CA0848D3-3E4F-410E-8AC6-D6125A2B8E30}.Release|Any CPU.ActiveCfg = Release|Any CPU
		{CA0848D3-3E4F-410E-8AC6-D6125A2B8E30}.Release|Any CPU.Build.0 = Release|Any CPU
	EndGlobalSection
	GlobalSection(SolutionProperties) = preSolution
		HideSolutionNode = FALSE
	EndGlobalSection
	GlobalSection(ExtensibilityGlobals) = postSolution
		SolutionGuid = {23E90D89-70FD-4A2D-9809-98CEDA65ACD3}
	EndGlobalSection
EndGlobal
