
Microsoft Visual Studio Solution File, Format Version 12.00
# Visual Studio 2012
Project("{FAE04EC0-301F-11D3-BF4B-00C04F79EFBC}") = "DafnyDriver", "DafnyDriver\DafnyDriver.csproj", "{63400D1F-05B2-453E-9592-1EAB74B2C9CC}"
EndProject
Project("{FAE04EC0-301F-11D3-BF4B-00C04F79EFBC}") = "DafnyPipeline", "Dafny\DafnyPipeline.csproj", "{FE44674A-1633-4917-99F4-57635E6FA740}"
EndProject
Project("{FAE04EC0-301F-11D3-BF4B-00C04F79EFBC}") = "DafnyServer", "DafnyServer\DafnyServer.csproj", "{AC9B21AE-EBC1-4A27-AD11-ED031FC7B4A2}"
	ProjectSection(ProjectDependencies) = postProject
		{FE44674A-1633-4917-99F4-57635E6FA740} = {FE44674A-1633-4917-99F4-57635E6FA740}
	EndProjectSection
EndProject
Project("{FAE04EC0-301F-11D3-BF4B-00C04F79EFBC}") = "DafnyRuntime", "DafnyRuntime\DafnyRuntime.csproj", "{3E2944E9-3E1D-4E03-A881-FB04A7A6ED67}"
EndProject
Global
	GlobalSection(SolutionConfigurationPlatforms) = preSolution
		Checked|.NET = Checked|.NET
		Checked|Any CPU = Checked|Any CPU
		Checked|Mixed Platforms = Checked|Mixed Platforms
		Debug|.NET = Debug|.NET
		Debug|Any CPU = Debug|Any CPU
		Debug|Mixed Platforms = Debug|Mixed Platforms
		Release|.NET = Release|.NET
		Release|Any CPU = Release|Any CPU
		Release|Mixed Platforms = Release|Mixed Platforms
	EndGlobalSection
	GlobalSection(ProjectConfigurationPlatforms) = postSolution
		{63400D1F-05B2-453E-9592-1EAB74B2C9CC}.Checked|.NET.ActiveCfg = Checked|Any CPU
		{63400D1F-05B2-453E-9592-1EAB74B2C9CC}.Checked|.NET.Build.0 = Checked|Any CPU
		{63400D1F-05B2-453E-9592-1EAB74B2C9CC}.Checked|Any CPU.ActiveCfg = Debug|Any CPU
		{63400D1F-05B2-453E-9592-1EAB74B2C9CC}.Checked|Any CPU.Build.0 = Debug|Any CPU
		{63400D1F-05B2-453E-9592-1EAB74B2C9CC}.Checked|Mixed Platforms.ActiveCfg = Checked|Any CPU
		{63400D1F-05B2-453E-9592-1EAB74B2C9CC}.Checked|Mixed Platforms.Build.0 = Checked|Any CPU
		{63400D1F-05B2-453E-9592-1EAB74B2C9CC}.Debug|.NET.ActiveCfg = Debug|Any CPU
		{63400D1F-05B2-453E-9592-1EAB74B2C9CC}.Debug|.NET.Build.0 = Debug|Any CPU
		{63400D1F-05B2-453E-9592-1EAB74B2C9CC}.Debug|Any CPU.ActiveCfg = Debug|Any CPU
		{63400D1F-05B2-453E-9592-1EAB74B2C9CC}.Debug|Any CPU.Build.0 = Debug|Any CPU
		{63400D1F-05B2-453E-9592-1EAB74B2C9CC}.Debug|Mixed Platforms.ActiveCfg = Debug|Any CPU
		{63400D1F-05B2-453E-9592-1EAB74B2C9CC}.Debug|Mixed Platforms.Build.0 = Debug|Any CPU
		{63400D1F-05B2-453E-9592-1EAB74B2C9CC}.Release|.NET.ActiveCfg = Release|Any CPU
		{63400D1F-05B2-453E-9592-1EAB74B2C9CC}.Release|Any CPU.ActiveCfg = Release|Any CPU
		{63400D1F-05B2-453E-9592-1EAB74B2C9CC}.Release|Any CPU.Build.0 = Release|Any CPU
		{63400D1F-05B2-453E-9592-1EAB74B2C9CC}.Release|Mixed Platforms.ActiveCfg = Release|Any CPU
		{63400D1F-05B2-453E-9592-1EAB74B2C9CC}.Release|Mixed Platforms.Build.0 = Release|Any CPU
		{FE44674A-1633-4917-99F4-57635E6FA740}.Checked|.NET.ActiveCfg = Checked|Any CPU
		{FE44674A-1633-4917-99F4-57635E6FA740}.Checked|.NET.Build.0 = Checked|Any CPU
		{FE44674A-1633-4917-99F4-57635E6FA740}.Checked|Any CPU.ActiveCfg = Debug|Any CPU
		{FE44674A-1633-4917-99F4-57635E6FA740}.Checked|Any CPU.Build.0 = Debug|Any CPU
		{FE44674A-1633-4917-99F4-57635E6FA740}.Checked|Mixed Platforms.ActiveCfg = Checked|Any CPU
		{FE44674A-1633-4917-99F4-57635E6FA740}.Checked|Mixed Platforms.Build.0 = Checked|Any CPU
		{FE44674A-1633-4917-99F4-57635E6FA740}.Debug|.NET.ActiveCfg = Debug|Any CPU
		{FE44674A-1633-4917-99F4-57635E6FA740}.Debug|.NET.Build.0 = Debug|Any CPU
		{FE44674A-1633-4917-99F4-57635E6FA740}.Debug|Any CPU.ActiveCfg = Debug|Any CPU
		{FE44674A-1633-4917-99F4-57635E6FA740}.Debug|Any CPU.Build.0 = Debug|Any CPU
		{FE44674A-1633-4917-99F4-57635E6FA740}.Debug|Mixed Platforms.ActiveCfg = Debug|Any CPU
		{FE44674A-1633-4917-99F4-57635E6FA740}.Debug|Mixed Platforms.Build.0 = Debug|Any CPU
		{FE44674A-1633-4917-99F4-57635E6FA740}.Release|.NET.ActiveCfg = Release|Any CPU
		{FE44674A-1633-4917-99F4-57635E6FA740}.Release|Any CPU.ActiveCfg = Release|Any CPU
		{FE44674A-1633-4917-99F4-57635E6FA740}.Release|Any CPU.Build.0 = Release|Any CPU
		{FE44674A-1633-4917-99F4-57635E6FA740}.Release|Mixed Platforms.ActiveCfg = Release|Any CPU
		{FE44674A-1633-4917-99F4-57635E6FA740}.Release|Mixed Platforms.Build.0 = Release|Any CPU
		{AC9B21AE-EBC1-4A27-AD11-ED031FC7B4A2}.Checked|.NET.ActiveCfg = Release|Any CPU
		{AC9B21AE-EBC1-4A27-AD11-ED031FC7B4A2}.Checked|Any CPU.ActiveCfg = Release|Any CPU
		{AC9B21AE-EBC1-4A27-AD11-ED031FC7B4A2}.Checked|Any CPU.Build.0 = Release|Any CPU
		{AC9B21AE-EBC1-4A27-AD11-ED031FC7B4A2}.Checked|Mixed Platforms.ActiveCfg = Checked|Any CPU
		{AC9B21AE-EBC1-4A27-AD11-ED031FC7B4A2}.Checked|Mixed Platforms.Build.0 = Checked|Any CPU
		{AC9B21AE-EBC1-4A27-AD11-ED031FC7B4A2}.Debug|.NET.ActiveCfg = Debug|Any CPU
		{AC9B21AE-EBC1-4A27-AD11-ED031FC7B4A2}.Debug|Any CPU.ActiveCfg = Debug|Any CPU
		{AC9B21AE-EBC1-4A27-AD11-ED031FC7B4A2}.Debug|Any CPU.Build.0 = Debug|Any CPU
		{AC9B21AE-EBC1-4A27-AD11-ED031FC7B4A2}.Debug|Mixed Platforms.ActiveCfg = Debug|Any CPU
		{AC9B21AE-EBC1-4A27-AD11-ED031FC7B4A2}.Debug|Mixed Platforms.Build.0 = Debug|Any CPU
		{AC9B21AE-EBC1-4A27-AD11-ED031FC7B4A2}.Release|.NET.ActiveCfg = Release|Any CPU
		{AC9B21AE-EBC1-4A27-AD11-ED031FC7B4A2}.Release|Any CPU.ActiveCfg = Release|Any CPU
		{AC9B21AE-EBC1-4A27-AD11-ED031FC7B4A2}.Release|Any CPU.Build.0 = Release|Any CPU
		{AC9B21AE-EBC1-4A27-AD11-ED031FC7B4A2}.Release|Mixed Platforms.ActiveCfg = Release|Any CPU
		{AC9B21AE-EBC1-4A27-AD11-ED031FC7B4A2}.Release|Mixed Platforms.Build.0 = Release|Any CPU
		{3E2944E9-3E1D-4E03-A881-FB04A7A6ED67}.Checked|.NET.ActiveCfg = Release|Any CPU
		{3E2944E9-3E1D-4E03-A881-FB04A7A6ED67}.Checked|Any CPU.ActiveCfg = Release|Any CPU
		{3E2944E9-3E1D-4E03-A881-FB04A7A6ED67}.Checked|Any CPU.Build.0 = Release|Any CPU
		{3E2944E9-3E1D-4E03-A881-FB04A7A6ED67}.Checked|Mixed Platforms.ActiveCfg = Release|Any CPU
		{3E2944E9-3E1D-4E03-A881-FB04A7A6ED67}.Checked|Mixed Platforms.Build.0 = Release|Any CPU
		{3E2944E9-3E1D-4E03-A881-FB04A7A6ED67}.Debug|.NET.ActiveCfg = Debug|Any CPU
		{3E2944E9-3E1D-4E03-A881-FB04A7A6ED67}.Debug|Any CPU.ActiveCfg = Debug|Any CPU
		{3E2944E9-3E1D-4E03-A881-FB04A7A6ED67}.Debug|Any CPU.Build.0 = Debug|Any CPU
		{3E2944E9-3E1D-4E03-A881-FB04A7A6ED67}.Debug|Mixed Platforms.ActiveCfg = Debug|Any CPU
		{3E2944E9-3E1D-4E03-A881-FB04A7A6ED67}.Debug|Mixed Platforms.Build.0 = Debug|Any CPU
		{3E2944E9-3E1D-4E03-A881-FB04A7A6ED67}.Release|.NET.ActiveCfg = Release|Any CPU
		{3E2944E9-3E1D-4E03-A881-FB04A7A6ED67}.Release|Any CPU.ActiveCfg = Release|Any CPU
		{3E2944E9-3E1D-4E03-A881-FB04A7A6ED67}.Release|Any CPU.Build.0 = Release|Any CPU
		{3E2944E9-3E1D-4E03-A881-FB04A7A6ED67}.Release|Mixed Platforms.ActiveCfg = Release|Any CPU
		{3E2944E9-3E1D-4E03-A881-FB04A7A6ED67}.Release|Mixed Platforms.Build.0 = Release|Any CPU
	EndGlobalSection
	GlobalSection(SolutionProperties) = preSolution
		HideSolutionNode = FALSE
	EndGlobalSection
EndGlobal
