
Microsoft Visual Studio Solution File, Format Version 12.00
# Visual Studio Version 16
VisualStudioVersion = 16.0.30320.27
MinimumVisualStudioVersion = 10.0.40219.1
Project("{2150E333-8FDC-42A3-9474-1A3956D46DE8}") = "Boogie", "Boogie", "{16BB54D2-90A4-4664-9346-9A7A744169D7}"
EndProject
Project("{9A19103F-16F7-4668-BE54-9A1E7A4F7556}") = "DafnyRuntime", "DafnyRuntime\DafnyRuntime.csproj", "{09E25A18-19EA-42C4-B33F-69E3E6FD5698}"
EndProject
Project("{9A19103F-16F7-4668-BE54-9A1E7A4F7556}") = "Basetypes-NetCore", "boogie\Source\Basetypes\Basetypes-NetCore.csproj", "{17269D95-D99F-4D6D-951C-F80BDB17C79D}"
EndProject
Project("{9A19103F-16F7-4668-BE54-9A1E7A4F7556}") = "CodeContractsExtender-NetCore", "boogie\Source\CodeContractsExtender\CodeContractsExtender-NetCore.csproj", "{3D7D6695-B164-4178-B34D-60282C134C9A}"
EndProject
Project("{9A19103F-16F7-4668-BE54-9A1E7A4F7556}") = "Core-NetCore", "boogie\Source\Core\Core-NetCore.csproj", "{EDB4CCB3-F4A3-4AB7-8DF6-28859B29DAC3}"
EndProject
Project("{9A19103F-16F7-4668-BE54-9A1E7A4F7556}") = "AbsInt-NetCore", "boogie\Source\AbsInt\AbsInt-NetCore.csproj", "{F620937C-AEA1-4E7D-968D-72CBD41262D3}"
EndProject
Project("{9A19103F-16F7-4668-BE54-9A1E7A4F7556}") = "ParserHelper-NetCore", "boogie\Source\ParserHelper\ParserHelper-NetCore.csproj", "{B5BF1C44-3650-439D-9360-941AA147E0A8}"
EndProject
Project("{9A19103F-16F7-4668-BE54-9A1E7A4F7556}") = "Concurrency-NetCore", "boogie\Source\Concurrency\Concurrency-NetCore.csproj", "{B3596763-1346-46F7-AE69-BC2D8E78A774}"
EndProject
Project("{9A19103F-16F7-4668-BE54-9A1E7A4F7556}") = "ExecutionEngine-NetCore", "boogie\Source\ExecutionEngine\ExecutionEngine-NetCore.csproj", "{0E465236-A10F-4196-98B4-D82E0C6A23E7}"
EndProject
Project("{9A19103F-16F7-4668-BE54-9A1E7A4F7556}") = "Graph-NetCore", "boogie\Source\Graph\Graph-NetCore.csproj", "{D6777C8E-2389-45BF-9239-B4DEBC851222}"
EndProject
Project("{9A19103F-16F7-4668-BE54-9A1E7A4F7556}") = "Model-NetCore", "boogie\Source\Model\Model-NetCore.csproj", "{D2CCF40A-AF73-439A-B59C-37359C11CCBB}"
EndProject
Project("{9A19103F-16F7-4668-BE54-9A1E7A4F7556}") = "SMTLib-NetCore", "boogie\Source\Provers\SMTLib\SMTLib-NetCore.csproj", "{CCE75965-5559-4921-93CC-D9170FFEBB41}"
EndProject
Project("{9A19103F-16F7-4668-BE54-9A1E7A4F7556}") = "VCGeneration-NetCore", "boogie\Source\VCGeneration\VCGeneration-NetCore.csproj", "{7C2CBF45-3131-497B-B968-76025F89BFD0}"
EndProject
Project("{9A19103F-16F7-4668-BE54-9A1E7A4F7556}") = "VCExpr-NetCore", "boogie\Source\VCExpr\VCExpr-NetCore.csproj", "{ED149AAA-0DBF-4EF5-B41E-9F6270D96299}"
EndProject
Project("{9A19103F-16F7-4668-BE54-9A1E7A4F7556}") = "Doomed-NetCore", "boogie\Source\Doomed\Doomed-NetCore.csproj", "{94294D45-509D-45CC-9F43-37A2014D36E9}"
EndProject
Project("{9A19103F-16F7-4668-BE54-9A1E7A4F7556}") = "Houdini-NetCore", "boogie\Source\Houdini\Houdini-NetCore.csproj", "{257D0853-3D4B-47B8-A28C-23739F0FBACD}"
EndProject
Project("{9A19103F-16F7-4668-BE54-9A1E7A4F7556}") = "Predication-NetCore", "boogie\Source\Predication\Predication-NetCore.csproj", "{4DDF5C00-18B3-495F-B9AD-904F279EC10A}"
EndProject
Project("{9A19103F-16F7-4668-BE54-9A1E7A4F7556}") = "DafnyPipeline", "Dafny\DafnyPipeline.csproj", "{45FFD363-CFE0-4ABC-984F-7EB58C8BEDE5}"
EndProject
Project("{9A19103F-16F7-4668-BE54-9A1E7A4F7556}") = "DafnyDriver", "DafnyDriver\DafnyDriver.csproj", "{4B74F970-8FEB-46A1-BD14-FBF2B5D5F285}"
EndProject
Project("{9A19103F-16F7-4668-BE54-9A1E7A4F7556}") = "DafnyServer", "DafnyServer\DafnyServer.csproj", "{71208DB9-31D6-4071-838B-8D44A37CF0F1}"
EndProject
Project("{2150E333-8FDC-42A3-9474-1A3956D46DE8}") = "Solution Items", "Solution Items", "{9542E008-355F-4A62-B262-A8DA314DA8C1}"
	ProjectSection(SolutionItems) = preProject
		version.cs = version.cs
	EndProjectSection
EndProject
Global
	GlobalSection(SolutionConfigurationPlatforms) = preSolution
		Checked|.NET = Checked|.NET
		Checked|Any CPU = Checked|Any CPU
		Checked|Mixed Platforms = Checked|Mixed Platforms
		Checked|x86 = Checked|x86
		Debug|.NET = Debug|.NET
		Debug|Any CPU = Debug|Any CPU
		Debug|Mixed Platforms = Debug|Mixed Platforms
		Debug|x86 = Debug|x86
		Release|.NET = Release|.NET
		Release|Any CPU = Release|Any CPU
		Release|Mixed Platforms = Release|Mixed Platforms
		Release|x86 = Release|x86
	EndGlobalSection
	GlobalSection(ProjectConfigurationPlatforms) = postSolution
		{09E25A18-19EA-42C4-B33F-69E3E6FD5698}.Checked|.NET.ActiveCfg = Debug|Any CPU
		{09E25A18-19EA-42C4-B33F-69E3E6FD5698}.Checked|.NET.Build.0 = Debug|Any CPU
		{09E25A18-19EA-42C4-B33F-69E3E6FD5698}.Checked|Any CPU.ActiveCfg = Debug|Any CPU
		{09E25A18-19EA-42C4-B33F-69E3E6FD5698}.Checked|Any CPU.Build.0 = Debug|Any CPU
		{09E25A18-19EA-42C4-B33F-69E3E6FD5698}.Checked|Mixed Platforms.ActiveCfg = Debug|Any CPU
		{09E25A18-19EA-42C4-B33F-69E3E6FD5698}.Checked|Mixed Platforms.Build.0 = Debug|Any CPU
		{09E25A18-19EA-42C4-B33F-69E3E6FD5698}.Checked|x86.ActiveCfg = Debug|Any CPU
		{09E25A18-19EA-42C4-B33F-69E3E6FD5698}.Checked|x86.Build.0 = Debug|Any CPU
		{09E25A18-19EA-42C4-B33F-69E3E6FD5698}.Debug|.NET.ActiveCfg = Debug|Any CPU
		{09E25A18-19EA-42C4-B33F-69E3E6FD5698}.Debug|.NET.Build.0 = Debug|Any CPU
		{09E25A18-19EA-42C4-B33F-69E3E6FD5698}.Debug|Any CPU.ActiveCfg = Debug|Any CPU
		{09E25A18-19EA-42C4-B33F-69E3E6FD5698}.Debug|Any CPU.Build.0 = Debug|Any CPU
		{09E25A18-19EA-42C4-B33F-69E3E6FD5698}.Debug|Mixed Platforms.ActiveCfg = Debug|Any CPU
		{09E25A18-19EA-42C4-B33F-69E3E6FD5698}.Debug|Mixed Platforms.Build.0 = Debug|Any CPU
		{09E25A18-19EA-42C4-B33F-69E3E6FD5698}.Debug|x86.ActiveCfg = Debug|Any CPU
		{09E25A18-19EA-42C4-B33F-69E3E6FD5698}.Debug|x86.Build.0 = Debug|Any CPU
		{09E25A18-19EA-42C4-B33F-69E3E6FD5698}.Release|.NET.ActiveCfg = Release|Any CPU
		{09E25A18-19EA-42C4-B33F-69E3E6FD5698}.Release|.NET.Build.0 = Release|Any CPU
		{09E25A18-19EA-42C4-B33F-69E3E6FD5698}.Release|Any CPU.ActiveCfg = Release|Any CPU
		{09E25A18-19EA-42C4-B33F-69E3E6FD5698}.Release|Any CPU.Build.0 = Release|Any CPU
		{09E25A18-19EA-42C4-B33F-69E3E6FD5698}.Release|Mixed Platforms.ActiveCfg = Release|Any CPU
		{09E25A18-19EA-42C4-B33F-69E3E6FD5698}.Release|Mixed Platforms.Build.0 = Release|Any CPU
		{09E25A18-19EA-42C4-B33F-69E3E6FD5698}.Release|x86.ActiveCfg = Release|Any CPU
		{09E25A18-19EA-42C4-B33F-69E3E6FD5698}.Release|x86.Build.0 = Release|Any CPU
		{17269D95-D99F-4D6D-951C-F80BDB17C79D}.Checked|.NET.ActiveCfg = Debug|Any CPU
		{17269D95-D99F-4D6D-951C-F80BDB17C79D}.Checked|.NET.Build.0 = Debug|Any CPU
		{17269D95-D99F-4D6D-951C-F80BDB17C79D}.Checked|Any CPU.ActiveCfg = Debug|Any CPU
		{17269D95-D99F-4D6D-951C-F80BDB17C79D}.Checked|Any CPU.Build.0 = Debug|Any CPU
		{17269D95-D99F-4D6D-951C-F80BDB17C79D}.Checked|Mixed Platforms.ActiveCfg = Debug|Any CPU
		{17269D95-D99F-4D6D-951C-F80BDB17C79D}.Checked|Mixed Platforms.Build.0 = Debug|Any CPU
		{17269D95-D99F-4D6D-951C-F80BDB17C79D}.Checked|x86.ActiveCfg = Debug|Any CPU
		{17269D95-D99F-4D6D-951C-F80BDB17C79D}.Checked|x86.Build.0 = Debug|Any CPU
		{17269D95-D99F-4D6D-951C-F80BDB17C79D}.Debug|.NET.ActiveCfg = Debug|Any CPU
		{17269D95-D99F-4D6D-951C-F80BDB17C79D}.Debug|.NET.Build.0 = Debug|Any CPU
		{17269D95-D99F-4D6D-951C-F80BDB17C79D}.Debug|Any CPU.ActiveCfg = Debug|Any CPU
		{17269D95-D99F-4D6D-951C-F80BDB17C79D}.Debug|Any CPU.Build.0 = Debug|Any CPU
		{17269D95-D99F-4D6D-951C-F80BDB17C79D}.Debug|Mixed Platforms.ActiveCfg = Debug|Any CPU
		{17269D95-D99F-4D6D-951C-F80BDB17C79D}.Debug|Mixed Platforms.Build.0 = Debug|Any CPU
		{17269D95-D99F-4D6D-951C-F80BDB17C79D}.Debug|x86.ActiveCfg = Debug|Any CPU
		{17269D95-D99F-4D6D-951C-F80BDB17C79D}.Debug|x86.Build.0 = Debug|Any CPU
		{17269D95-D99F-4D6D-951C-F80BDB17C79D}.Release|.NET.ActiveCfg = Release|Any CPU
		{17269D95-D99F-4D6D-951C-F80BDB17C79D}.Release|.NET.Build.0 = Release|Any CPU
		{17269D95-D99F-4D6D-951C-F80BDB17C79D}.Release|Any CPU.ActiveCfg = Release|Any CPU
		{17269D95-D99F-4D6D-951C-F80BDB17C79D}.Release|Any CPU.Build.0 = Release|Any CPU
		{17269D95-D99F-4D6D-951C-F80BDB17C79D}.Release|Mixed Platforms.ActiveCfg = Release|Any CPU
		{17269D95-D99F-4D6D-951C-F80BDB17C79D}.Release|Mixed Platforms.Build.0 = Release|Any CPU
		{17269D95-D99F-4D6D-951C-F80BDB17C79D}.Release|x86.ActiveCfg = Release|Any CPU
		{17269D95-D99F-4D6D-951C-F80BDB17C79D}.Release|x86.Build.0 = Release|Any CPU
		{3D7D6695-B164-4178-B34D-60282C134C9A}.Checked|.NET.ActiveCfg = Debug|Any CPU
		{3D7D6695-B164-4178-B34D-60282C134C9A}.Checked|.NET.Build.0 = Debug|Any CPU
		{3D7D6695-B164-4178-B34D-60282C134C9A}.Checked|Any CPU.ActiveCfg = Debug|Any CPU
		{3D7D6695-B164-4178-B34D-60282C134C9A}.Checked|Any CPU.Build.0 = Debug|Any CPU
		{3D7D6695-B164-4178-B34D-60282C134C9A}.Checked|Mixed Platforms.ActiveCfg = Debug|Any CPU
		{3D7D6695-B164-4178-B34D-60282C134C9A}.Checked|Mixed Platforms.Build.0 = Debug|Any CPU
		{3D7D6695-B164-4178-B34D-60282C134C9A}.Checked|x86.ActiveCfg = Debug|Any CPU
		{3D7D6695-B164-4178-B34D-60282C134C9A}.Checked|x86.Build.0 = Debug|Any CPU
		{3D7D6695-B164-4178-B34D-60282C134C9A}.Debug|.NET.ActiveCfg = Debug|Any CPU
		{3D7D6695-B164-4178-B34D-60282C134C9A}.Debug|.NET.Build.0 = Debug|Any CPU
		{3D7D6695-B164-4178-B34D-60282C134C9A}.Debug|Any CPU.ActiveCfg = Debug|Any CPU
		{3D7D6695-B164-4178-B34D-60282C134C9A}.Debug|Any CPU.Build.0 = Debug|Any CPU
		{3D7D6695-B164-4178-B34D-60282C134C9A}.Debug|Mixed Platforms.ActiveCfg = Debug|Any CPU
		{3D7D6695-B164-4178-B34D-60282C134C9A}.Debug|Mixed Platforms.Build.0 = Debug|Any CPU
		{3D7D6695-B164-4178-B34D-60282C134C9A}.Debug|x86.ActiveCfg = Debug|Any CPU
		{3D7D6695-B164-4178-B34D-60282C134C9A}.Debug|x86.Build.0 = Debug|Any CPU
		{3D7D6695-B164-4178-B34D-60282C134C9A}.Release|.NET.ActiveCfg = Release|Any CPU
		{3D7D6695-B164-4178-B34D-60282C134C9A}.Release|.NET.Build.0 = Release|Any CPU
		{3D7D6695-B164-4178-B34D-60282C134C9A}.Release|Any CPU.ActiveCfg = Release|Any CPU
		{3D7D6695-B164-4178-B34D-60282C134C9A}.Release|Any CPU.Build.0 = Release|Any CPU
		{3D7D6695-B164-4178-B34D-60282C134C9A}.Release|Mixed Platforms.ActiveCfg = Release|Any CPU
		{3D7D6695-B164-4178-B34D-60282C134C9A}.Release|Mixed Platforms.Build.0 = Release|Any CPU
		{3D7D6695-B164-4178-B34D-60282C134C9A}.Release|x86.ActiveCfg = Release|Any CPU
		{3D7D6695-B164-4178-B34D-60282C134C9A}.Release|x86.Build.0 = Release|Any CPU
		{EDB4CCB3-F4A3-4AB7-8DF6-28859B29DAC3}.Checked|.NET.ActiveCfg = Debug|Any CPU
		{EDB4CCB3-F4A3-4AB7-8DF6-28859B29DAC3}.Checked|.NET.Build.0 = Debug|Any CPU
		{EDB4CCB3-F4A3-4AB7-8DF6-28859B29DAC3}.Checked|Any CPU.ActiveCfg = Debug|Any CPU
		{EDB4CCB3-F4A3-4AB7-8DF6-28859B29DAC3}.Checked|Any CPU.Build.0 = Debug|Any CPU
		{EDB4CCB3-F4A3-4AB7-8DF6-28859B29DAC3}.Checked|Mixed Platforms.ActiveCfg = Debug|Any CPU
		{EDB4CCB3-F4A3-4AB7-8DF6-28859B29DAC3}.Checked|Mixed Platforms.Build.0 = Debug|Any CPU
		{EDB4CCB3-F4A3-4AB7-8DF6-28859B29DAC3}.Checked|x86.ActiveCfg = Debug|Any CPU
		{EDB4CCB3-F4A3-4AB7-8DF6-28859B29DAC3}.Checked|x86.Build.0 = Debug|Any CPU
		{EDB4CCB3-F4A3-4AB7-8DF6-28859B29DAC3}.Debug|.NET.ActiveCfg = Debug|Any CPU
		{EDB4CCB3-F4A3-4AB7-8DF6-28859B29DAC3}.Debug|.NET.Build.0 = Debug|Any CPU
		{EDB4CCB3-F4A3-4AB7-8DF6-28859B29DAC3}.Debug|Any CPU.ActiveCfg = Debug|Any CPU
		{EDB4CCB3-F4A3-4AB7-8DF6-28859B29DAC3}.Debug|Any CPU.Build.0 = Debug|Any CPU
		{EDB4CCB3-F4A3-4AB7-8DF6-28859B29DAC3}.Debug|Mixed Platforms.ActiveCfg = Debug|Any CPU
		{EDB4CCB3-F4A3-4AB7-8DF6-28859B29DAC3}.Debug|Mixed Platforms.Build.0 = Debug|Any CPU
		{EDB4CCB3-F4A3-4AB7-8DF6-28859B29DAC3}.Debug|x86.ActiveCfg = Debug|Any CPU
		{EDB4CCB3-F4A3-4AB7-8DF6-28859B29DAC3}.Debug|x86.Build.0 = Debug|Any CPU
		{EDB4CCB3-F4A3-4AB7-8DF6-28859B29DAC3}.Release|.NET.ActiveCfg = Release|Any CPU
		{EDB4CCB3-F4A3-4AB7-8DF6-28859B29DAC3}.Release|.NET.Build.0 = Release|Any CPU
		{EDB4CCB3-F4A3-4AB7-8DF6-28859B29DAC3}.Release|Any CPU.ActiveCfg = Release|Any CPU
		{EDB4CCB3-F4A3-4AB7-8DF6-28859B29DAC3}.Release|Any CPU.Build.0 = Release|Any CPU
		{EDB4CCB3-F4A3-4AB7-8DF6-28859B29DAC3}.Release|Mixed Platforms.ActiveCfg = Release|Any CPU
		{EDB4CCB3-F4A3-4AB7-8DF6-28859B29DAC3}.Release|Mixed Platforms.Build.0 = Release|Any CPU
		{EDB4CCB3-F4A3-4AB7-8DF6-28859B29DAC3}.Release|x86.ActiveCfg = Release|Any CPU
		{EDB4CCB3-F4A3-4AB7-8DF6-28859B29DAC3}.Release|x86.Build.0 = Release|Any CPU
		{F620937C-AEA1-4E7D-968D-72CBD41262D3}.Checked|.NET.ActiveCfg = Debug|Any CPU
		{F620937C-AEA1-4E7D-968D-72CBD41262D3}.Checked|.NET.Build.0 = Debug|Any CPU
		{F620937C-AEA1-4E7D-968D-72CBD41262D3}.Checked|Any CPU.ActiveCfg = Debug|Any CPU
		{F620937C-AEA1-4E7D-968D-72CBD41262D3}.Checked|Any CPU.Build.0 = Debug|Any CPU
		{F620937C-AEA1-4E7D-968D-72CBD41262D3}.Checked|Mixed Platforms.ActiveCfg = Debug|Any CPU
		{F620937C-AEA1-4E7D-968D-72CBD41262D3}.Checked|Mixed Platforms.Build.0 = Debug|Any CPU
		{F620937C-AEA1-4E7D-968D-72CBD41262D3}.Checked|x86.ActiveCfg = Debug|Any CPU
		{F620937C-AEA1-4E7D-968D-72CBD41262D3}.Checked|x86.Build.0 = Debug|Any CPU
		{F620937C-AEA1-4E7D-968D-72CBD41262D3}.Debug|.NET.ActiveCfg = Debug|Any CPU
		{F620937C-AEA1-4E7D-968D-72CBD41262D3}.Debug|.NET.Build.0 = Debug|Any CPU
		{F620937C-AEA1-4E7D-968D-72CBD41262D3}.Debug|Any CPU.ActiveCfg = Debug|Any CPU
		{F620937C-AEA1-4E7D-968D-72CBD41262D3}.Debug|Any CPU.Build.0 = Debug|Any CPU
		{F620937C-AEA1-4E7D-968D-72CBD41262D3}.Debug|Mixed Platforms.ActiveCfg = Debug|Any CPU
		{F620937C-AEA1-4E7D-968D-72CBD41262D3}.Debug|Mixed Platforms.Build.0 = Debug|Any CPU
		{F620937C-AEA1-4E7D-968D-72CBD41262D3}.Debug|x86.ActiveCfg = Debug|Any CPU
		{F620937C-AEA1-4E7D-968D-72CBD41262D3}.Debug|x86.Build.0 = Debug|Any CPU
		{F620937C-AEA1-4E7D-968D-72CBD41262D3}.Release|.NET.ActiveCfg = Release|Any CPU
		{F620937C-AEA1-4E7D-968D-72CBD41262D3}.Release|.NET.Build.0 = Release|Any CPU
		{F620937C-AEA1-4E7D-968D-72CBD41262D3}.Release|Any CPU.ActiveCfg = Release|Any CPU
		{F620937C-AEA1-4E7D-968D-72CBD41262D3}.Release|Any CPU.Build.0 = Release|Any CPU
		{F620937C-AEA1-4E7D-968D-72CBD41262D3}.Release|Mixed Platforms.ActiveCfg = Release|Any CPU
		{F620937C-AEA1-4E7D-968D-72CBD41262D3}.Release|Mixed Platforms.Build.0 = Release|Any CPU
		{F620937C-AEA1-4E7D-968D-72CBD41262D3}.Release|x86.ActiveCfg = Release|Any CPU
		{F620937C-AEA1-4E7D-968D-72CBD41262D3}.Release|x86.Build.0 = Release|Any CPU
		{B5BF1C44-3650-439D-9360-941AA147E0A8}.Checked|.NET.ActiveCfg = Debug|Any CPU
		{B5BF1C44-3650-439D-9360-941AA147E0A8}.Checked|.NET.Build.0 = Debug|Any CPU
		{B5BF1C44-3650-439D-9360-941AA147E0A8}.Checked|Any CPU.ActiveCfg = Debug|Any CPU
		{B5BF1C44-3650-439D-9360-941AA147E0A8}.Checked|Any CPU.Build.0 = Debug|Any CPU
		{B5BF1C44-3650-439D-9360-941AA147E0A8}.Checked|Mixed Platforms.ActiveCfg = Debug|Any CPU
		{B5BF1C44-3650-439D-9360-941AA147E0A8}.Checked|Mixed Platforms.Build.0 = Debug|Any CPU
		{B5BF1C44-3650-439D-9360-941AA147E0A8}.Checked|x86.ActiveCfg = Debug|Any CPU
		{B5BF1C44-3650-439D-9360-941AA147E0A8}.Checked|x86.Build.0 = Debug|Any CPU
		{B5BF1C44-3650-439D-9360-941AA147E0A8}.Debug|.NET.ActiveCfg = Debug|Any CPU
		{B5BF1C44-3650-439D-9360-941AA147E0A8}.Debug|.NET.Build.0 = Debug|Any CPU
		{B5BF1C44-3650-439D-9360-941AA147E0A8}.Debug|Any CPU.ActiveCfg = Debug|Any CPU
		{B5BF1C44-3650-439D-9360-941AA147E0A8}.Debug|Any CPU.Build.0 = Debug|Any CPU
		{B5BF1C44-3650-439D-9360-941AA147E0A8}.Debug|Mixed Platforms.ActiveCfg = Debug|Any CPU
		{B5BF1C44-3650-439D-9360-941AA147E0A8}.Debug|Mixed Platforms.Build.0 = Debug|Any CPU
		{B5BF1C44-3650-439D-9360-941AA147E0A8}.Debug|x86.ActiveCfg = Debug|Any CPU
		{B5BF1C44-3650-439D-9360-941AA147E0A8}.Debug|x86.Build.0 = Debug|Any CPU
		{B5BF1C44-3650-439D-9360-941AA147E0A8}.Release|.NET.ActiveCfg = Release|Any CPU
		{B5BF1C44-3650-439D-9360-941AA147E0A8}.Release|.NET.Build.0 = Release|Any CPU
		{B5BF1C44-3650-439D-9360-941AA147E0A8}.Release|Any CPU.ActiveCfg = Release|Any CPU
		{B5BF1C44-3650-439D-9360-941AA147E0A8}.Release|Any CPU.Build.0 = Release|Any CPU
		{B5BF1C44-3650-439D-9360-941AA147E0A8}.Release|Mixed Platforms.ActiveCfg = Release|Any CPU
		{B5BF1C44-3650-439D-9360-941AA147E0A8}.Release|Mixed Platforms.Build.0 = Release|Any CPU
		{B5BF1C44-3650-439D-9360-941AA147E0A8}.Release|x86.ActiveCfg = Release|Any CPU
		{B5BF1C44-3650-439D-9360-941AA147E0A8}.Release|x86.Build.0 = Release|Any CPU
		{B3596763-1346-46F7-AE69-BC2D8E78A774}.Checked|.NET.ActiveCfg = Debug|Any CPU
		{B3596763-1346-46F7-AE69-BC2D8E78A774}.Checked|.NET.Build.0 = Debug|Any CPU
		{B3596763-1346-46F7-AE69-BC2D8E78A774}.Checked|Any CPU.ActiveCfg = Debug|Any CPU
		{B3596763-1346-46F7-AE69-BC2D8E78A774}.Checked|Any CPU.Build.0 = Debug|Any CPU
		{B3596763-1346-46F7-AE69-BC2D8E78A774}.Checked|Mixed Platforms.ActiveCfg = Debug|Any CPU
		{B3596763-1346-46F7-AE69-BC2D8E78A774}.Checked|Mixed Platforms.Build.0 = Debug|Any CPU
		{B3596763-1346-46F7-AE69-BC2D8E78A774}.Checked|x86.ActiveCfg = Debug|Any CPU
		{B3596763-1346-46F7-AE69-BC2D8E78A774}.Checked|x86.Build.0 = Debug|Any CPU
		{B3596763-1346-46F7-AE69-BC2D8E78A774}.Debug|.NET.ActiveCfg = Debug|Any CPU
		{B3596763-1346-46F7-AE69-BC2D8E78A774}.Debug|.NET.Build.0 = Debug|Any CPU
		{B3596763-1346-46F7-AE69-BC2D8E78A774}.Debug|Any CPU.ActiveCfg = Debug|Any CPU
		{B3596763-1346-46F7-AE69-BC2D8E78A774}.Debug|Any CPU.Build.0 = Debug|Any CPU
		{B3596763-1346-46F7-AE69-BC2D8E78A774}.Debug|Mixed Platforms.ActiveCfg = Debug|Any CPU
		{B3596763-1346-46F7-AE69-BC2D8E78A774}.Debug|Mixed Platforms.Build.0 = Debug|Any CPU
		{B3596763-1346-46F7-AE69-BC2D8E78A774}.Debug|x86.ActiveCfg = Debug|Any CPU
		{B3596763-1346-46F7-AE69-BC2D8E78A774}.Debug|x86.Build.0 = Debug|Any CPU
		{B3596763-1346-46F7-AE69-BC2D8E78A774}.Release|.NET.ActiveCfg = Release|Any CPU
		{B3596763-1346-46F7-AE69-BC2D8E78A774}.Release|.NET.Build.0 = Release|Any CPU
		{B3596763-1346-46F7-AE69-BC2D8E78A774}.Release|Any CPU.ActiveCfg = Release|Any CPU
		{B3596763-1346-46F7-AE69-BC2D8E78A774}.Release|Any CPU.Build.0 = Release|Any CPU
		{B3596763-1346-46F7-AE69-BC2D8E78A774}.Release|Mixed Platforms.ActiveCfg = Release|Any CPU
		{B3596763-1346-46F7-AE69-BC2D8E78A774}.Release|Mixed Platforms.Build.0 = Release|Any CPU
		{B3596763-1346-46F7-AE69-BC2D8E78A774}.Release|x86.ActiveCfg = Release|Any CPU
		{B3596763-1346-46F7-AE69-BC2D8E78A774}.Release|x86.Build.0 = Release|Any CPU
		{0E465236-A10F-4196-98B4-D82E0C6A23E7}.Checked|.NET.ActiveCfg = Debug|Any CPU
		{0E465236-A10F-4196-98B4-D82E0C6A23E7}.Checked|.NET.Build.0 = Debug|Any CPU
		{0E465236-A10F-4196-98B4-D82E0C6A23E7}.Checked|Any CPU.ActiveCfg = Debug|Any CPU
		{0E465236-A10F-4196-98B4-D82E0C6A23E7}.Checked|Any CPU.Build.0 = Debug|Any CPU
		{0E465236-A10F-4196-98B4-D82E0C6A23E7}.Checked|Mixed Platforms.ActiveCfg = Debug|Any CPU
		{0E465236-A10F-4196-98B4-D82E0C6A23E7}.Checked|Mixed Platforms.Build.0 = Debug|Any CPU
		{0E465236-A10F-4196-98B4-D82E0C6A23E7}.Checked|x86.ActiveCfg = Debug|Any CPU
		{0E465236-A10F-4196-98B4-D82E0C6A23E7}.Checked|x86.Build.0 = Debug|Any CPU
		{0E465236-A10F-4196-98B4-D82E0C6A23E7}.Debug|.NET.ActiveCfg = Debug|Any CPU
		{0E465236-A10F-4196-98B4-D82E0C6A23E7}.Debug|.NET.Build.0 = Debug|Any CPU
		{0E465236-A10F-4196-98B4-D82E0C6A23E7}.Debug|Any CPU.ActiveCfg = Debug|Any CPU
		{0E465236-A10F-4196-98B4-D82E0C6A23E7}.Debug|Any CPU.Build.0 = Debug|Any CPU
		{0E465236-A10F-4196-98B4-D82E0C6A23E7}.Debug|Mixed Platforms.ActiveCfg = Debug|Any CPU
		{0E465236-A10F-4196-98B4-D82E0C6A23E7}.Debug|Mixed Platforms.Build.0 = Debug|Any CPU
		{0E465236-A10F-4196-98B4-D82E0C6A23E7}.Debug|x86.ActiveCfg = Debug|Any CPU
		{0E465236-A10F-4196-98B4-D82E0C6A23E7}.Debug|x86.Build.0 = Debug|Any CPU
		{0E465236-A10F-4196-98B4-D82E0C6A23E7}.Release|.NET.ActiveCfg = Release|Any CPU
		{0E465236-A10F-4196-98B4-D82E0C6A23E7}.Release|.NET.Build.0 = Release|Any CPU
		{0E465236-A10F-4196-98B4-D82E0C6A23E7}.Release|Any CPU.ActiveCfg = Release|Any CPU
		{0E465236-A10F-4196-98B4-D82E0C6A23E7}.Release|Any CPU.Build.0 = Release|Any CPU
		{0E465236-A10F-4196-98B4-D82E0C6A23E7}.Release|Mixed Platforms.ActiveCfg = Release|Any CPU
		{0E465236-A10F-4196-98B4-D82E0C6A23E7}.Release|Mixed Platforms.Build.0 = Release|Any CPU
		{0E465236-A10F-4196-98B4-D82E0C6A23E7}.Release|x86.ActiveCfg = Release|Any CPU
		{0E465236-A10F-4196-98B4-D82E0C6A23E7}.Release|x86.Build.0 = Release|Any CPU
		{D6777C8E-2389-45BF-9239-B4DEBC851222}.Checked|.NET.ActiveCfg = Debug|Any CPU
		{D6777C8E-2389-45BF-9239-B4DEBC851222}.Checked|.NET.Build.0 = Debug|Any CPU
		{D6777C8E-2389-45BF-9239-B4DEBC851222}.Checked|Any CPU.ActiveCfg = Debug|Any CPU
		{D6777C8E-2389-45BF-9239-B4DEBC851222}.Checked|Any CPU.Build.0 = Debug|Any CPU
		{D6777C8E-2389-45BF-9239-B4DEBC851222}.Checked|Mixed Platforms.ActiveCfg = Debug|Any CPU
		{D6777C8E-2389-45BF-9239-B4DEBC851222}.Checked|Mixed Platforms.Build.0 = Debug|Any CPU
		{D6777C8E-2389-45BF-9239-B4DEBC851222}.Checked|x86.ActiveCfg = Debug|Any CPU
		{D6777C8E-2389-45BF-9239-B4DEBC851222}.Checked|x86.Build.0 = Debug|Any CPU
		{D6777C8E-2389-45BF-9239-B4DEBC851222}.Debug|.NET.ActiveCfg = Debug|Any CPU
		{D6777C8E-2389-45BF-9239-B4DEBC851222}.Debug|.NET.Build.0 = Debug|Any CPU
		{D6777C8E-2389-45BF-9239-B4DEBC851222}.Debug|Any CPU.ActiveCfg = Debug|Any CPU
		{D6777C8E-2389-45BF-9239-B4DEBC851222}.Debug|Any CPU.Build.0 = Debug|Any CPU
		{D6777C8E-2389-45BF-9239-B4DEBC851222}.Debug|Mixed Platforms.ActiveCfg = Debug|Any CPU
		{D6777C8E-2389-45BF-9239-B4DEBC851222}.Debug|Mixed Platforms.Build.0 = Debug|Any CPU
		{D6777C8E-2389-45BF-9239-B4DEBC851222}.Debug|x86.ActiveCfg = Debug|Any CPU
		{D6777C8E-2389-45BF-9239-B4DEBC851222}.Debug|x86.Build.0 = Debug|Any CPU
		{D6777C8E-2389-45BF-9239-B4DEBC851222}.Release|.NET.ActiveCfg = Release|Any CPU
		{D6777C8E-2389-45BF-9239-B4DEBC851222}.Release|.NET.Build.0 = Release|Any CPU
		{D6777C8E-2389-45BF-9239-B4DEBC851222}.Release|Any CPU.ActiveCfg = Release|Any CPU
		{D6777C8E-2389-45BF-9239-B4DEBC851222}.Release|Any CPU.Build.0 = Release|Any CPU
		{D6777C8E-2389-45BF-9239-B4DEBC851222}.Release|Mixed Platforms.ActiveCfg = Release|Any CPU
		{D6777C8E-2389-45BF-9239-B4DEBC851222}.Release|Mixed Platforms.Build.0 = Release|Any CPU
		{D6777C8E-2389-45BF-9239-B4DEBC851222}.Release|x86.ActiveCfg = Release|Any CPU
		{D6777C8E-2389-45BF-9239-B4DEBC851222}.Release|x86.Build.0 = Release|Any CPU
		{D2CCF40A-AF73-439A-B59C-37359C11CCBB}.Checked|.NET.ActiveCfg = Debug|Any CPU
		{D2CCF40A-AF73-439A-B59C-37359C11CCBB}.Checked|.NET.Build.0 = Debug|Any CPU
		{D2CCF40A-AF73-439A-B59C-37359C11CCBB}.Checked|Any CPU.ActiveCfg = Debug|Any CPU
		{D2CCF40A-AF73-439A-B59C-37359C11CCBB}.Checked|Any CPU.Build.0 = Debug|Any CPU
		{D2CCF40A-AF73-439A-B59C-37359C11CCBB}.Checked|Mixed Platforms.ActiveCfg = Debug|Any CPU
		{D2CCF40A-AF73-439A-B59C-37359C11CCBB}.Checked|Mixed Platforms.Build.0 = Debug|Any CPU
		{D2CCF40A-AF73-439A-B59C-37359C11CCBB}.Checked|x86.ActiveCfg = Debug|Any CPU
		{D2CCF40A-AF73-439A-B59C-37359C11CCBB}.Checked|x86.Build.0 = Debug|Any CPU
		{D2CCF40A-AF73-439A-B59C-37359C11CCBB}.Debug|.NET.ActiveCfg = Debug|Any CPU
		{D2CCF40A-AF73-439A-B59C-37359C11CCBB}.Debug|.NET.Build.0 = Debug|Any CPU
		{D2CCF40A-AF73-439A-B59C-37359C11CCBB}.Debug|Any CPU.ActiveCfg = Debug|Any CPU
		{D2CCF40A-AF73-439A-B59C-37359C11CCBB}.Debug|Any CPU.Build.0 = Debug|Any CPU
		{D2CCF40A-AF73-439A-B59C-37359C11CCBB}.Debug|Mixed Platforms.ActiveCfg = Debug|Any CPU
		{D2CCF40A-AF73-439A-B59C-37359C11CCBB}.Debug|Mixed Platforms.Build.0 = Debug|Any CPU
		{D2CCF40A-AF73-439A-B59C-37359C11CCBB}.Debug|x86.ActiveCfg = Debug|Any CPU
		{D2CCF40A-AF73-439A-B59C-37359C11CCBB}.Debug|x86.Build.0 = Debug|Any CPU
		{D2CCF40A-AF73-439A-B59C-37359C11CCBB}.Release|.NET.ActiveCfg = Release|Any CPU
		{D2CCF40A-AF73-439A-B59C-37359C11CCBB}.Release|.NET.Build.0 = Release|Any CPU
		{D2CCF40A-AF73-439A-B59C-37359C11CCBB}.Release|Any CPU.ActiveCfg = Release|Any CPU
		{D2CCF40A-AF73-439A-B59C-37359C11CCBB}.Release|Any CPU.Build.0 = Release|Any CPU
		{D2CCF40A-AF73-439A-B59C-37359C11CCBB}.Release|Mixed Platforms.ActiveCfg = Release|Any CPU
		{D2CCF40A-AF73-439A-B59C-37359C11CCBB}.Release|Mixed Platforms.Build.0 = Release|Any CPU
		{D2CCF40A-AF73-439A-B59C-37359C11CCBB}.Release|x86.ActiveCfg = Release|Any CPU
		{D2CCF40A-AF73-439A-B59C-37359C11CCBB}.Release|x86.Build.0 = Release|Any CPU
		{CCE75965-5559-4921-93CC-D9170FFEBB41}.Checked|.NET.ActiveCfg = Debug|Any CPU
		{CCE75965-5559-4921-93CC-D9170FFEBB41}.Checked|.NET.Build.0 = Debug|Any CPU
		{CCE75965-5559-4921-93CC-D9170FFEBB41}.Checked|Any CPU.ActiveCfg = Debug|Any CPU
		{CCE75965-5559-4921-93CC-D9170FFEBB41}.Checked|Any CPU.Build.0 = Debug|Any CPU
		{CCE75965-5559-4921-93CC-D9170FFEBB41}.Checked|Mixed Platforms.ActiveCfg = Debug|Any CPU
		{CCE75965-5559-4921-93CC-D9170FFEBB41}.Checked|Mixed Platforms.Build.0 = Debug|Any CPU
		{CCE75965-5559-4921-93CC-D9170FFEBB41}.Checked|x86.ActiveCfg = Debug|Any CPU
		{CCE75965-5559-4921-93CC-D9170FFEBB41}.Checked|x86.Build.0 = Debug|Any CPU
		{CCE75965-5559-4921-93CC-D9170FFEBB41}.Debug|.NET.ActiveCfg = Debug|Any CPU
		{CCE75965-5559-4921-93CC-D9170FFEBB41}.Debug|.NET.Build.0 = Debug|Any CPU
		{CCE75965-5559-4921-93CC-D9170FFEBB41}.Debug|Any CPU.ActiveCfg = Debug|Any CPU
		{CCE75965-5559-4921-93CC-D9170FFEBB41}.Debug|Any CPU.Build.0 = Debug|Any CPU
		{CCE75965-5559-4921-93CC-D9170FFEBB41}.Debug|Mixed Platforms.ActiveCfg = Debug|Any CPU
		{CCE75965-5559-4921-93CC-D9170FFEBB41}.Debug|Mixed Platforms.Build.0 = Debug|Any CPU
		{CCE75965-5559-4921-93CC-D9170FFEBB41}.Debug|x86.ActiveCfg = Debug|Any CPU
		{CCE75965-5559-4921-93CC-D9170FFEBB41}.Debug|x86.Build.0 = Debug|Any CPU
		{CCE75965-5559-4921-93CC-D9170FFEBB41}.Release|.NET.ActiveCfg = Release|Any CPU
		{CCE75965-5559-4921-93CC-D9170FFEBB41}.Release|.NET.Build.0 = Release|Any CPU
		{CCE75965-5559-4921-93CC-D9170FFEBB41}.Release|Any CPU.ActiveCfg = Release|Any CPU
		{CCE75965-5559-4921-93CC-D9170FFEBB41}.Release|Any CPU.Build.0 = Release|Any CPU
		{CCE75965-5559-4921-93CC-D9170FFEBB41}.Release|Mixed Platforms.ActiveCfg = Release|Any CPU
		{CCE75965-5559-4921-93CC-D9170FFEBB41}.Release|Mixed Platforms.Build.0 = Release|Any CPU
		{CCE75965-5559-4921-93CC-D9170FFEBB41}.Release|x86.ActiveCfg = Release|Any CPU
		{CCE75965-5559-4921-93CC-D9170FFEBB41}.Release|x86.Build.0 = Release|Any CPU
		{7C2CBF45-3131-497B-B968-76025F89BFD0}.Checked|.NET.ActiveCfg = Debug|Any CPU
		{7C2CBF45-3131-497B-B968-76025F89BFD0}.Checked|.NET.Build.0 = Debug|Any CPU
		{7C2CBF45-3131-497B-B968-76025F89BFD0}.Checked|Any CPU.ActiveCfg = Debug|Any CPU
		{7C2CBF45-3131-497B-B968-76025F89BFD0}.Checked|Any CPU.Build.0 = Debug|Any CPU
		{7C2CBF45-3131-497B-B968-76025F89BFD0}.Checked|Mixed Platforms.ActiveCfg = Debug|Any CPU
		{7C2CBF45-3131-497B-B968-76025F89BFD0}.Checked|Mixed Platforms.Build.0 = Debug|Any CPU
		{7C2CBF45-3131-497B-B968-76025F89BFD0}.Checked|x86.ActiveCfg = Debug|Any CPU
		{7C2CBF45-3131-497B-B968-76025F89BFD0}.Checked|x86.Build.0 = Debug|Any CPU
		{7C2CBF45-3131-497B-B968-76025F89BFD0}.Debug|.NET.ActiveCfg = Debug|Any CPU
		{7C2CBF45-3131-497B-B968-76025F89BFD0}.Debug|.NET.Build.0 = Debug|Any CPU
		{7C2CBF45-3131-497B-B968-76025F89BFD0}.Debug|Any CPU.ActiveCfg = Debug|Any CPU
		{7C2CBF45-3131-497B-B968-76025F89BFD0}.Debug|Any CPU.Build.0 = Debug|Any CPU
		{7C2CBF45-3131-497B-B968-76025F89BFD0}.Debug|Mixed Platforms.ActiveCfg = Debug|Any CPU
		{7C2CBF45-3131-497B-B968-76025F89BFD0}.Debug|Mixed Platforms.Build.0 = Debug|Any CPU
		{7C2CBF45-3131-497B-B968-76025F89BFD0}.Debug|x86.ActiveCfg = Debug|Any CPU
		{7C2CBF45-3131-497B-B968-76025F89BFD0}.Debug|x86.Build.0 = Debug|Any CPU
		{7C2CBF45-3131-497B-B968-76025F89BFD0}.Release|.NET.ActiveCfg = Release|Any CPU
		{7C2CBF45-3131-497B-B968-76025F89BFD0}.Release|.NET.Build.0 = Release|Any CPU
		{7C2CBF45-3131-497B-B968-76025F89BFD0}.Release|Any CPU.ActiveCfg = Release|Any CPU
		{7C2CBF45-3131-497B-B968-76025F89BFD0}.Release|Any CPU.Build.0 = Release|Any CPU
		{7C2CBF45-3131-497B-B968-76025F89BFD0}.Release|Mixed Platforms.ActiveCfg = Release|Any CPU
		{7C2CBF45-3131-497B-B968-76025F89BFD0}.Release|Mixed Platforms.Build.0 = Release|Any CPU
		{7C2CBF45-3131-497B-B968-76025F89BFD0}.Release|x86.ActiveCfg = Release|Any CPU
		{7C2CBF45-3131-497B-B968-76025F89BFD0}.Release|x86.Build.0 = Release|Any CPU
		{ED149AAA-0DBF-4EF5-B41E-9F6270D96299}.Checked|.NET.ActiveCfg = Debug|Any CPU
		{ED149AAA-0DBF-4EF5-B41E-9F6270D96299}.Checked|.NET.Build.0 = Debug|Any CPU
		{ED149AAA-0DBF-4EF5-B41E-9F6270D96299}.Checked|Any CPU.ActiveCfg = Debug|Any CPU
		{ED149AAA-0DBF-4EF5-B41E-9F6270D96299}.Checked|Any CPU.Build.0 = Debug|Any CPU
		{ED149AAA-0DBF-4EF5-B41E-9F6270D96299}.Checked|Mixed Platforms.ActiveCfg = Debug|Any CPU
		{ED149AAA-0DBF-4EF5-B41E-9F6270D96299}.Checked|Mixed Platforms.Build.0 = Debug|Any CPU
		{ED149AAA-0DBF-4EF5-B41E-9F6270D96299}.Checked|x86.ActiveCfg = Debug|Any CPU
		{ED149AAA-0DBF-4EF5-B41E-9F6270D96299}.Checked|x86.Build.0 = Debug|Any CPU
		{ED149AAA-0DBF-4EF5-B41E-9F6270D96299}.Debug|.NET.ActiveCfg = Debug|Any CPU
		{ED149AAA-0DBF-4EF5-B41E-9F6270D96299}.Debug|.NET.Build.0 = Debug|Any CPU
		{ED149AAA-0DBF-4EF5-B41E-9F6270D96299}.Debug|Any CPU.ActiveCfg = Debug|Any CPU
		{ED149AAA-0DBF-4EF5-B41E-9F6270D96299}.Debug|Any CPU.Build.0 = Debug|Any CPU
		{ED149AAA-0DBF-4EF5-B41E-9F6270D96299}.Debug|Mixed Platforms.ActiveCfg = Debug|Any CPU
		{ED149AAA-0DBF-4EF5-B41E-9F6270D96299}.Debug|Mixed Platforms.Build.0 = Debug|Any CPU
		{ED149AAA-0DBF-4EF5-B41E-9F6270D96299}.Debug|x86.ActiveCfg = Debug|Any CPU
		{ED149AAA-0DBF-4EF5-B41E-9F6270D96299}.Debug|x86.Build.0 = Debug|Any CPU
		{ED149AAA-0DBF-4EF5-B41E-9F6270D96299}.Release|.NET.ActiveCfg = Release|Any CPU
		{ED149AAA-0DBF-4EF5-B41E-9F6270D96299}.Release|.NET.Build.0 = Release|Any CPU
		{ED149AAA-0DBF-4EF5-B41E-9F6270D96299}.Release|Any CPU.ActiveCfg = Release|Any CPU
		{ED149AAA-0DBF-4EF5-B41E-9F6270D96299}.Release|Any CPU.Build.0 = Release|Any CPU
		{ED149AAA-0DBF-4EF5-B41E-9F6270D96299}.Release|Mixed Platforms.ActiveCfg = Release|Any CPU
		{ED149AAA-0DBF-4EF5-B41E-9F6270D96299}.Release|Mixed Platforms.Build.0 = Release|Any CPU
		{ED149AAA-0DBF-4EF5-B41E-9F6270D96299}.Release|x86.ActiveCfg = Release|Any CPU
		{ED149AAA-0DBF-4EF5-B41E-9F6270D96299}.Release|x86.Build.0 = Release|Any CPU
		{94294D45-509D-45CC-9F43-37A2014D36E9}.Checked|.NET.ActiveCfg = Debug|Any CPU
		{94294D45-509D-45CC-9F43-37A2014D36E9}.Checked|.NET.Build.0 = Debug|Any CPU
		{94294D45-509D-45CC-9F43-37A2014D36E9}.Checked|Any CPU.ActiveCfg = Debug|Any CPU
		{94294D45-509D-45CC-9F43-37A2014D36E9}.Checked|Any CPU.Build.0 = Debug|Any CPU
		{94294D45-509D-45CC-9F43-37A2014D36E9}.Checked|Mixed Platforms.ActiveCfg = Debug|Any CPU
		{94294D45-509D-45CC-9F43-37A2014D36E9}.Checked|Mixed Platforms.Build.0 = Debug|Any CPU
		{94294D45-509D-45CC-9F43-37A2014D36E9}.Checked|x86.ActiveCfg = Debug|Any CPU
		{94294D45-509D-45CC-9F43-37A2014D36E9}.Checked|x86.Build.0 = Debug|Any CPU
		{94294D45-509D-45CC-9F43-37A2014D36E9}.Debug|.NET.ActiveCfg = Debug|Any CPU
		{94294D45-509D-45CC-9F43-37A2014D36E9}.Debug|.NET.Build.0 = Debug|Any CPU
		{94294D45-509D-45CC-9F43-37A2014D36E9}.Debug|Any CPU.ActiveCfg = Debug|Any CPU
		{94294D45-509D-45CC-9F43-37A2014D36E9}.Debug|Any CPU.Build.0 = Debug|Any CPU
		{94294D45-509D-45CC-9F43-37A2014D36E9}.Debug|Mixed Platforms.ActiveCfg = Debug|Any CPU
		{94294D45-509D-45CC-9F43-37A2014D36E9}.Debug|Mixed Platforms.Build.0 = Debug|Any CPU
		{94294D45-509D-45CC-9F43-37A2014D36E9}.Debug|x86.ActiveCfg = Debug|Any CPU
		{94294D45-509D-45CC-9F43-37A2014D36E9}.Debug|x86.Build.0 = Debug|Any CPU
		{94294D45-509D-45CC-9F43-37A2014D36E9}.Release|.NET.ActiveCfg = Release|Any CPU
		{94294D45-509D-45CC-9F43-37A2014D36E9}.Release|.NET.Build.0 = Release|Any CPU
		{94294D45-509D-45CC-9F43-37A2014D36E9}.Release|Any CPU.ActiveCfg = Release|Any CPU
		{94294D45-509D-45CC-9F43-37A2014D36E9}.Release|Any CPU.Build.0 = Release|Any CPU
		{94294D45-509D-45CC-9F43-37A2014D36E9}.Release|Mixed Platforms.ActiveCfg = Release|Any CPU
		{94294D45-509D-45CC-9F43-37A2014D36E9}.Release|Mixed Platforms.Build.0 = Release|Any CPU
		{94294D45-509D-45CC-9F43-37A2014D36E9}.Release|x86.ActiveCfg = Release|Any CPU
		{94294D45-509D-45CC-9F43-37A2014D36E9}.Release|x86.Build.0 = Release|Any CPU
		{257D0853-3D4B-47B8-A28C-23739F0FBACD}.Checked|.NET.ActiveCfg = Debug|Any CPU
		{257D0853-3D4B-47B8-A28C-23739F0FBACD}.Checked|.NET.Build.0 = Debug|Any CPU
		{257D0853-3D4B-47B8-A28C-23739F0FBACD}.Checked|Any CPU.ActiveCfg = Debug|Any CPU
		{257D0853-3D4B-47B8-A28C-23739F0FBACD}.Checked|Any CPU.Build.0 = Debug|Any CPU
		{257D0853-3D4B-47B8-A28C-23739F0FBACD}.Checked|Mixed Platforms.ActiveCfg = Debug|Any CPU
		{257D0853-3D4B-47B8-A28C-23739F0FBACD}.Checked|Mixed Platforms.Build.0 = Debug|Any CPU
		{257D0853-3D4B-47B8-A28C-23739F0FBACD}.Checked|x86.ActiveCfg = Debug|Any CPU
		{257D0853-3D4B-47B8-A28C-23739F0FBACD}.Checked|x86.Build.0 = Debug|Any CPU
		{257D0853-3D4B-47B8-A28C-23739F0FBACD}.Debug|.NET.ActiveCfg = Debug|Any CPU
		{257D0853-3D4B-47B8-A28C-23739F0FBACD}.Debug|.NET.Build.0 = Debug|Any CPU
		{257D0853-3D4B-47B8-A28C-23739F0FBACD}.Debug|Any CPU.ActiveCfg = Debug|Any CPU
		{257D0853-3D4B-47B8-A28C-23739F0FBACD}.Debug|Any CPU.Build.0 = Debug|Any CPU
		{257D0853-3D4B-47B8-A28C-23739F0FBACD}.Debug|Mixed Platforms.ActiveCfg = Debug|Any CPU
		{257D0853-3D4B-47B8-A28C-23739F0FBACD}.Debug|Mixed Platforms.Build.0 = Debug|Any CPU
		{257D0853-3D4B-47B8-A28C-23739F0FBACD}.Debug|x86.ActiveCfg = Debug|Any CPU
		{257D0853-3D4B-47B8-A28C-23739F0FBACD}.Debug|x86.Build.0 = Debug|Any CPU
		{257D0853-3D4B-47B8-A28C-23739F0FBACD}.Release|.NET.ActiveCfg = Release|Any CPU
		{257D0853-3D4B-47B8-A28C-23739F0FBACD}.Release|.NET.Build.0 = Release|Any CPU
		{257D0853-3D4B-47B8-A28C-23739F0FBACD}.Release|Any CPU.ActiveCfg = Release|Any CPU
		{257D0853-3D4B-47B8-A28C-23739F0FBACD}.Release|Any CPU.Build.0 = Release|Any CPU
		{257D0853-3D4B-47B8-A28C-23739F0FBACD}.Release|Mixed Platforms.ActiveCfg = Release|Any CPU
		{257D0853-3D4B-47B8-A28C-23739F0FBACD}.Release|Mixed Platforms.Build.0 = Release|Any CPU
		{257D0853-3D4B-47B8-A28C-23739F0FBACD}.Release|x86.ActiveCfg = Release|Any CPU
		{257D0853-3D4B-47B8-A28C-23739F0FBACD}.Release|x86.Build.0 = Release|Any CPU
		{4DDF5C00-18B3-495F-B9AD-904F279EC10A}.Checked|.NET.ActiveCfg = Debug|Any CPU
		{4DDF5C00-18B3-495F-B9AD-904F279EC10A}.Checked|.NET.Build.0 = Debug|Any CPU
		{4DDF5C00-18B3-495F-B9AD-904F279EC10A}.Checked|Any CPU.ActiveCfg = Debug|Any CPU
		{4DDF5C00-18B3-495F-B9AD-904F279EC10A}.Checked|Any CPU.Build.0 = Debug|Any CPU
		{4DDF5C00-18B3-495F-B9AD-904F279EC10A}.Checked|Mixed Platforms.ActiveCfg = Debug|Any CPU
		{4DDF5C00-18B3-495F-B9AD-904F279EC10A}.Checked|Mixed Platforms.Build.0 = Debug|Any CPU
		{4DDF5C00-18B3-495F-B9AD-904F279EC10A}.Checked|x86.ActiveCfg = Debug|Any CPU
		{4DDF5C00-18B3-495F-B9AD-904F279EC10A}.Checked|x86.Build.0 = Debug|Any CPU
		{4DDF5C00-18B3-495F-B9AD-904F279EC10A}.Debug|.NET.ActiveCfg = Debug|Any CPU
		{4DDF5C00-18B3-495F-B9AD-904F279EC10A}.Debug|.NET.Build.0 = Debug|Any CPU
		{4DDF5C00-18B3-495F-B9AD-904F279EC10A}.Debug|Any CPU.ActiveCfg = Debug|Any CPU
		{4DDF5C00-18B3-495F-B9AD-904F279EC10A}.Debug|Any CPU.Build.0 = Debug|Any CPU
		{4DDF5C00-18B3-495F-B9AD-904F279EC10A}.Debug|Mixed Platforms.ActiveCfg = Debug|Any CPU
		{4DDF5C00-18B3-495F-B9AD-904F279EC10A}.Debug|Mixed Platforms.Build.0 = Debug|Any CPU
		{4DDF5C00-18B3-495F-B9AD-904F279EC10A}.Debug|x86.ActiveCfg = Debug|Any CPU
		{4DDF5C00-18B3-495F-B9AD-904F279EC10A}.Debug|x86.Build.0 = Debug|Any CPU
		{4DDF5C00-18B3-495F-B9AD-904F279EC10A}.Release|.NET.ActiveCfg = Release|Any CPU
		{4DDF5C00-18B3-495F-B9AD-904F279EC10A}.Release|.NET.Build.0 = Release|Any CPU
		{4DDF5C00-18B3-495F-B9AD-904F279EC10A}.Release|Any CPU.ActiveCfg = Release|Any CPU
		{4DDF5C00-18B3-495F-B9AD-904F279EC10A}.Release|Any CPU.Build.0 = Release|Any CPU
		{4DDF5C00-18B3-495F-B9AD-904F279EC10A}.Release|Mixed Platforms.ActiveCfg = Release|Any CPU
		{4DDF5C00-18B3-495F-B9AD-904F279EC10A}.Release|Mixed Platforms.Build.0 = Release|Any CPU
		{4DDF5C00-18B3-495F-B9AD-904F279EC10A}.Release|x86.ActiveCfg = Release|Any CPU
		{4DDF5C00-18B3-495F-B9AD-904F279EC10A}.Release|x86.Build.0 = Release|Any CPU
		{45FFD363-CFE0-4ABC-984F-7EB58C8BEDE5}.Checked|.NET.ActiveCfg = Debug|Any CPU
		{45FFD363-CFE0-4ABC-984F-7EB58C8BEDE5}.Checked|.NET.Build.0 = Debug|Any CPU
		{45FFD363-CFE0-4ABC-984F-7EB58C8BEDE5}.Checked|Any CPU.ActiveCfg = Debug|Any CPU
		{45FFD363-CFE0-4ABC-984F-7EB58C8BEDE5}.Checked|Any CPU.Build.0 = Debug|Any CPU
		{45FFD363-CFE0-4ABC-984F-7EB58C8BEDE5}.Checked|Mixed Platforms.ActiveCfg = Debug|Any CPU
		{45FFD363-CFE0-4ABC-984F-7EB58C8BEDE5}.Checked|Mixed Platforms.Build.0 = Debug|Any CPU
		{45FFD363-CFE0-4ABC-984F-7EB58C8BEDE5}.Checked|x86.ActiveCfg = Debug|Any CPU
		{45FFD363-CFE0-4ABC-984F-7EB58C8BEDE5}.Checked|x86.Build.0 = Debug|Any CPU
		{45FFD363-CFE0-4ABC-984F-7EB58C8BEDE5}.Debug|.NET.ActiveCfg = Debug|Any CPU
		{45FFD363-CFE0-4ABC-984F-7EB58C8BEDE5}.Debug|.NET.Build.0 = Debug|Any CPU
		{45FFD363-CFE0-4ABC-984F-7EB58C8BEDE5}.Debug|Any CPU.ActiveCfg = Debug|Any CPU
		{45FFD363-CFE0-4ABC-984F-7EB58C8BEDE5}.Debug|Any CPU.Build.0 = Debug|Any CPU
		{45FFD363-CFE0-4ABC-984F-7EB58C8BEDE5}.Debug|Mixed Platforms.ActiveCfg = Debug|Any CPU
		{45FFD363-CFE0-4ABC-984F-7EB58C8BEDE5}.Debug|Mixed Platforms.Build.0 = Debug|Any CPU
		{45FFD363-CFE0-4ABC-984F-7EB58C8BEDE5}.Debug|x86.ActiveCfg = Debug|Any CPU
		{45FFD363-CFE0-4ABC-984F-7EB58C8BEDE5}.Debug|x86.Build.0 = Debug|Any CPU
		{45FFD363-CFE0-4ABC-984F-7EB58C8BEDE5}.Release|.NET.ActiveCfg = Release|Any CPU
		{45FFD363-CFE0-4ABC-984F-7EB58C8BEDE5}.Release|.NET.Build.0 = Release|Any CPU
		{45FFD363-CFE0-4ABC-984F-7EB58C8BEDE5}.Release|Any CPU.ActiveCfg = Release|Any CPU
		{45FFD363-CFE0-4ABC-984F-7EB58C8BEDE5}.Release|Any CPU.Build.0 = Release|Any CPU
		{45FFD363-CFE0-4ABC-984F-7EB58C8BEDE5}.Release|Mixed Platforms.ActiveCfg = Release|Any CPU
		{45FFD363-CFE0-4ABC-984F-7EB58C8BEDE5}.Release|Mixed Platforms.Build.0 = Release|Any CPU
		{45FFD363-CFE0-4ABC-984F-7EB58C8BEDE5}.Release|x86.ActiveCfg = Release|Any CPU
		{45FFD363-CFE0-4ABC-984F-7EB58C8BEDE5}.Release|x86.Build.0 = Release|Any CPU
		{4B74F970-8FEB-46A1-BD14-FBF2B5D5F285}.Checked|.NET.ActiveCfg = Debug|Any CPU
		{4B74F970-8FEB-46A1-BD14-FBF2B5D5F285}.Checked|.NET.Build.0 = Debug|Any CPU
		{4B74F970-8FEB-46A1-BD14-FBF2B5D5F285}.Checked|Any CPU.ActiveCfg = Debug|Any CPU
		{4B74F970-8FEB-46A1-BD14-FBF2B5D5F285}.Checked|Any CPU.Build.0 = Debug|Any CPU
		{4B74F970-8FEB-46A1-BD14-FBF2B5D5F285}.Checked|Mixed Platforms.ActiveCfg = Debug|Any CPU
		{4B74F970-8FEB-46A1-BD14-FBF2B5D5F285}.Checked|Mixed Platforms.Build.0 = Debug|Any CPU
		{4B74F970-8FEB-46A1-BD14-FBF2B5D5F285}.Checked|x86.ActiveCfg = Debug|Any CPU
		{4B74F970-8FEB-46A1-BD14-FBF2B5D5F285}.Checked|x86.Build.0 = Debug|Any CPU
		{4B74F970-8FEB-46A1-BD14-FBF2B5D5F285}.Debug|.NET.ActiveCfg = Debug|Any CPU
		{4B74F970-8FEB-46A1-BD14-FBF2B5D5F285}.Debug|.NET.Build.0 = Debug|Any CPU
		{4B74F970-8FEB-46A1-BD14-FBF2B5D5F285}.Debug|Any CPU.ActiveCfg = Debug|Any CPU
		{4B74F970-8FEB-46A1-BD14-FBF2B5D5F285}.Debug|Any CPU.Build.0 = Debug|Any CPU
		{4B74F970-8FEB-46A1-BD14-FBF2B5D5F285}.Debug|Mixed Platforms.ActiveCfg = Debug|Any CPU
		{4B74F970-8FEB-46A1-BD14-FBF2B5D5F285}.Debug|Mixed Platforms.Build.0 = Debug|Any CPU
		{4B74F970-8FEB-46A1-BD14-FBF2B5D5F285}.Debug|x86.ActiveCfg = Debug|Any CPU
		{4B74F970-8FEB-46A1-BD14-FBF2B5D5F285}.Debug|x86.Build.0 = Debug|Any CPU
		{4B74F970-8FEB-46A1-BD14-FBF2B5D5F285}.Release|.NET.ActiveCfg = Release|Any CPU
		{4B74F970-8FEB-46A1-BD14-FBF2B5D5F285}.Release|.NET.Build.0 = Release|Any CPU
		{4B74F970-8FEB-46A1-BD14-FBF2B5D5F285}.Release|Any CPU.ActiveCfg = Release|Any CPU
		{4B74F970-8FEB-46A1-BD14-FBF2B5D5F285}.Release|Any CPU.Build.0 = Release|Any CPU
		{4B74F970-8FEB-46A1-BD14-FBF2B5D5F285}.Release|Mixed Platforms.ActiveCfg = Release|Any CPU
		{4B74F970-8FEB-46A1-BD14-FBF2B5D5F285}.Release|Mixed Platforms.Build.0 = Release|Any CPU
		{4B74F970-8FEB-46A1-BD14-FBF2B5D5F285}.Release|x86.ActiveCfg = Release|Any CPU
		{4B74F970-8FEB-46A1-BD14-FBF2B5D5F285}.Release|x86.Build.0 = Release|Any CPU
		{71208DB9-31D6-4071-838B-8D44A37CF0F1}.Checked|.NET.ActiveCfg = Debug|Any CPU
		{71208DB9-31D6-4071-838B-8D44A37CF0F1}.Checked|.NET.Build.0 = Debug|Any CPU
		{71208DB9-31D6-4071-838B-8D44A37CF0F1}.Checked|Any CPU.ActiveCfg = Debug|Any CPU
		{71208DB9-31D6-4071-838B-8D44A37CF0F1}.Checked|Any CPU.Build.0 = Debug|Any CPU
		{71208DB9-31D6-4071-838B-8D44A37CF0F1}.Checked|Mixed Platforms.ActiveCfg = Debug|Any CPU
		{71208DB9-31D6-4071-838B-8D44A37CF0F1}.Checked|Mixed Platforms.Build.0 = Debug|Any CPU
		{71208DB9-31D6-4071-838B-8D44A37CF0F1}.Checked|x86.ActiveCfg = Debug|Any CPU
		{71208DB9-31D6-4071-838B-8D44A37CF0F1}.Checked|x86.Build.0 = Debug|Any CPU
		{71208DB9-31D6-4071-838B-8D44A37CF0F1}.Debug|.NET.ActiveCfg = Debug|Any CPU
		{71208DB9-31D6-4071-838B-8D44A37CF0F1}.Debug|.NET.Build.0 = Debug|Any CPU
		{71208DB9-31D6-4071-838B-8D44A37CF0F1}.Debug|Any CPU.ActiveCfg = Debug|Any CPU
		{71208DB9-31D6-4071-838B-8D44A37CF0F1}.Debug|Any CPU.Build.0 = Debug|Any CPU
		{71208DB9-31D6-4071-838B-8D44A37CF0F1}.Debug|Mixed Platforms.ActiveCfg = Debug|Any CPU
		{71208DB9-31D6-4071-838B-8D44A37CF0F1}.Debug|Mixed Platforms.Build.0 = Debug|Any CPU
		{71208DB9-31D6-4071-838B-8D44A37CF0F1}.Debug|x86.ActiveCfg = Debug|Any CPU
		{71208DB9-31D6-4071-838B-8D44A37CF0F1}.Debug|x86.Build.0 = Debug|Any CPU
		{71208DB9-31D6-4071-838B-8D44A37CF0F1}.Release|.NET.ActiveCfg = Release|Any CPU
		{71208DB9-31D6-4071-838B-8D44A37CF0F1}.Release|.NET.Build.0 = Release|Any CPU
		{71208DB9-31D6-4071-838B-8D44A37CF0F1}.Release|Any CPU.ActiveCfg = Release|Any CPU
		{71208DB9-31D6-4071-838B-8D44A37CF0F1}.Release|Any CPU.Build.0 = Release|Any CPU
		{71208DB9-31D6-4071-838B-8D44A37CF0F1}.Release|Mixed Platforms.ActiveCfg = Release|Any CPU
		{71208DB9-31D6-4071-838B-8D44A37CF0F1}.Release|Mixed Platforms.Build.0 = Release|Any CPU
		{71208DB9-31D6-4071-838B-8D44A37CF0F1}.Release|x86.ActiveCfg = Release|Any CPU
		{71208DB9-31D6-4071-838B-8D44A37CF0F1}.Release|x86.Build.0 = Release|Any CPU
	EndGlobalSection
	GlobalSection(SolutionProperties) = preSolution
		HideSolutionNode = FALSE
	EndGlobalSection
	GlobalSection(NestedProjects) = preSolution
		{17269D95-D99F-4D6D-951C-F80BDB17C79D} = {16BB54D2-90A4-4664-9346-9A7A744169D7}
		{3D7D6695-B164-4178-B34D-60282C134C9A} = {16BB54D2-90A4-4664-9346-9A7A744169D7}
		{EDB4CCB3-F4A3-4AB7-8DF6-28859B29DAC3} = {16BB54D2-90A4-4664-9346-9A7A744169D7}
		{F620937C-AEA1-4E7D-968D-72CBD41262D3} = {16BB54D2-90A4-4664-9346-9A7A744169D7}
		{B5BF1C44-3650-439D-9360-941AA147E0A8} = {16BB54D2-90A4-4664-9346-9A7A744169D7}
		{B3596763-1346-46F7-AE69-BC2D8E78A774} = {16BB54D2-90A4-4664-9346-9A7A744169D7}
		{0E465236-A10F-4196-98B4-D82E0C6A23E7} = {16BB54D2-90A4-4664-9346-9A7A744169D7}
		{D6777C8E-2389-45BF-9239-B4DEBC851222} = {16BB54D2-90A4-4664-9346-9A7A744169D7}
		{D2CCF40A-AF73-439A-B59C-37359C11CCBB} = {16BB54D2-90A4-4664-9346-9A7A744169D7}
		{CCE75965-5559-4921-93CC-D9170FFEBB41} = {16BB54D2-90A4-4664-9346-9A7A744169D7}
		{7C2CBF45-3131-497B-B968-76025F89BFD0} = {16BB54D2-90A4-4664-9346-9A7A744169D7}
		{ED149AAA-0DBF-4EF5-B41E-9F6270D96299} = {16BB54D2-90A4-4664-9346-9A7A744169D7}
		{94294D45-509D-45CC-9F43-37A2014D36E9} = {16BB54D2-90A4-4664-9346-9A7A744169D7}
		{257D0853-3D4B-47B8-A28C-23739F0FBACD} = {16BB54D2-90A4-4664-9346-9A7A744169D7}
		{4DDF5C00-18B3-495F-B9AD-904F279EC10A} = {16BB54D2-90A4-4664-9346-9A7A744169D7}
	EndGlobalSection
	GlobalSection(ExtensibilityGlobals) = postSolution
		SolutionGuid = {280F572B-D27A-4613-998F-00B6FFE01187}
	EndGlobalSection
EndGlobal
